
Microsoft Visual Studio Solution File, Format Version 12.00
# Visual Studio Version 17
VisualStudioVersion = 17.8.34322.80
MinimumVisualStudioVersion = 10.0.40219.1
Project("{FAE04EC0-301F-11D3-BF4B-00C04F79EFBC}") = "pawnShop", "pawnShop\pawnShop.csproj", "{5D3D2D2D-DE28-443F-865A-F9D4DAF6F2B0}"
EndProject
Global
	GlobalSection(SolutionConfigurationPlatforms) = preSolution
		Debug|Any CPU = Debug|Any CPU
		Release|Any CPU = Release|Any CPU
	EndGlobalSection
	GlobalSection(ProjectConfigurationPlatforms) = postSolution
		{5D3D2D2D-DE28-443F-865A-F9D4DAF6F2B0}.Debug|Any CPU.ActiveCfg = Debug|Any CPU
		{5D3D2D2D-DE28-443F-865A-F9D4DAF6F2B0}.Debug|Any CPU.Build.0 = Debug|Any CPU
		{5D3D2D2D-DE28-443F-865A-F9D4DAF6F2B0}.Release|Any CPU.ActiveCfg = Release|Any CPU
		{5D3D2D2D-DE28-443F-865A-F9D4DAF6F2B0}.Release|Any CPU.Build.0 = Release|Any CPU
	EndGlobalSection
	GlobalSection(SolutionProperties) = preSolution
		HideSolutionNode = FALSE
	EndGlobalSection
	GlobalSection(ExtensibilityGlobals) = postSolution
		SolutionGuid = {DBD9C2C7-81D9-4055-B9B7-FDF16C948FEE}
	EndGlobalSection
EndGlobal
